// !$*UTF8*$!
{
	archiveVersion = 1;
	classes = {
	};
	objectVersion = 56;
	objects = {

/* Begin PBXBuildFile section */
		65192FF92B66A6A500814C89 /* postData.json in Resources */ = {isa = PBXBuildFile; fileRef = 65192FF82B66A6A500814C89 /* postData.json */; };
		65192FFB2B66A79400814C89 /* ModelData.swift in Sources */ = {isa = PBXBuildFile; fileRef = 65192FFA2B66A79400814C89 /* ModelData.swift */; };
		65192FFD2B66A7E500814C89 /* Post.swift in Sources */ = {isa = PBXBuildFile; fileRef = 65192FFC2B66A7E500814C89 /* Post.swift */; };
		65192FFF2B66A95700814C89 /* PostList.swift in Sources */ = {isa = PBXBuildFile; fileRef = 65192FFE2B66A95700814C89 /* PostList.swift */; };
		651930012B66AB1E00814C89 /* PostRow.swift in Sources */ = {isa = PBXBuildFile; fileRef = 651930002B66AB1E00814C89 /* PostRow.swift */; };
		651930032B66AC5600814C89 /* PostDetail.swift in Sources */ = {isa = PBXBuildFile; fileRef = 651930022B66AC5600814C89 /* PostDetail.swift */; };
		6595B1292B39C52F0065C2E5 /* ChatterApp.swift in Sources */ = {isa = PBXBuildFile; fileRef = 6595B1282B39C52F0065C2E5 /* ChatterApp.swift */; };
		6595B12B2B39C52F0065C2E5 /* ContentView.swift in Sources */ = {isa = PBXBuildFile; fileRef = 6595B12A2B39C52F0065C2E5 /* ContentView.swift */; };
		6595B12D2B39C5300065C2E5 /* Assets.xcassets in Resources */ = {isa = PBXBuildFile; fileRef = 6595B12C2B39C5300065C2E5 /* Assets.xcassets */; };
		6595B1312B39C5300065C2E5 /* Preview Assets.xcassets in Resources */ = {isa = PBXBuildFile; fileRef = 6595B1302B39C5300065C2E5 /* Preview Assets.xcassets */; };
		6595B13B2B39C5300065C2E5 /* ChatterTests.swift in Sources */ = {isa = PBXBuildFile; fileRef = 6595B13A2B39C5300065C2E5 /* ChatterTests.swift */; };
		6595B1452B39C5300065C2E5 /* ChatterUITests.swift in Sources */ = {isa = PBXBuildFile; fileRef = 6595B1442B39C5300065C2E5 /* ChatterUITests.swift */; };
		6595B1472B39C5300065C2E5 /* ChatterUITestsLaunchTests.swift in Sources */ = {isa = PBXBuildFile; fileRef = 6595B1462B39C5300065C2E5 /* ChatterUITestsLaunchTests.swift */; };
/* End PBXBuildFile section */

/* Begin PBXContainerItemProxy section */
		6595B1372B39C5300065C2E5 /* PBXContainerItemProxy */ = {
			isa = PBXContainerItemProxy;
			containerPortal = 6595B11D2B39C52F0065C2E5 /* Project object */;
			proxyType = 1;
			remoteGlobalIDString = 6595B1242B39C52F0065C2E5;
			remoteInfo = Chatter;
		};
		6595B1412B39C5300065C2E5 /* PBXContainerItemProxy */ = {
			isa = PBXContainerItemProxy;
			containerPortal = 6595B11D2B39C52F0065C2E5 /* Project object */;
			proxyType = 1;
			remoteGlobalIDString = 6595B1242B39C52F0065C2E5;
			remoteInfo = Chatter;
		};
/* End PBXContainerItemProxy section */

/* Begin PBXFileReference section */
		65192FF82B66A6A500814C89 /* postData.json */ = {isa = PBXFileReference; lastKnownFileType = text.json; path = postData.json; sourceTree = "<group>"; };
		65192FFA2B66A79400814C89 /* ModelData.swift */ = {isa = PBXFileReference; lastKnownFileType = sourcecode.swift; path = ModelData.swift; sourceTree = "<group>"; };
		65192FFC2B66A7E500814C89 /* Post.swift */ = {isa = PBXFileReference; lastKnownFileType = sourcecode.swift; path = Post.swift; sourceTree = "<group>"; };
		65192FFE2B66A95700814C89 /* PostList.swift */ = {isa = PBXFileReference; lastKnownFileType = sourcecode.swift; path = PostList.swift; sourceTree = "<group>"; };
		651930002B66AB1E00814C89 /* PostRow.swift */ = {isa = PBXFileReference; lastKnownFileType = sourcecode.swift; path = PostRow.swift; sourceTree = "<group>"; };
		651930022B66AC5600814C89 /* PostDetail.swift */ = {isa = PBXFileReference; lastKnownFileType = sourcecode.swift; path = PostDetail.swift; sourceTree = "<group>"; };
		6595B1252B39C52F0065C2E5 /* Chatter.app */ = {isa = PBXFileReference; explicitFileType = wrapper.application; includeInIndex = 0; path = Chatter.app; sourceTree = BUILT_PRODUCTS_DIR; };
		6595B1282B39C52F0065C2E5 /* ChatterApp.swift */ = {isa = PBXFileReference; lastKnownFileType = sourcecode.swift; path = ChatterApp.swift; sourceTree = "<group>"; };
		6595B12A2B39C52F0065C2E5 /* ContentView.swift */ = {isa = PBXFileReference; lastKnownFileType = sourcecode.swift; path = ContentView.swift; sourceTree = "<group>"; };
		6595B12C2B39C5300065C2E5 /* Assets.xcassets */ = {isa = PBXFileReference; lastKnownFileType = folder.assetcatalog; path = Assets.xcassets; sourceTree = "<group>"; };
		6595B12E2B39C5300065C2E5 /* Chatter.entitlements */ = {isa = PBXFileReference; lastKnownFileType = text.plist.entitlements; path = Chatter.entitlements; sourceTree = "<group>"; };
		6595B1302B39C5300065C2E5 /* Preview Assets.xcassets */ = {isa = PBXFileReference; lastKnownFileType = folder.assetcatalog; path = "Preview Assets.xcassets"; sourceTree = "<group>"; };
		6595B1362B39C5300065C2E5 /* ChatterTests.xctest */ = {isa = PBXFileReference; explicitFileType = wrapper.cfbundle; includeInIndex = 0; path = ChatterTests.xctest; sourceTree = BUILT_PRODUCTS_DIR; };
		6595B13A2B39C5300065C2E5 /* ChatterTests.swift */ = {isa = PBXFileReference; lastKnownFileType = sourcecode.swift; path = ChatterTests.swift; sourceTree = "<group>"; };
		6595B1402B39C5300065C2E5 /* ChatterUITests.xctest */ = {isa = PBXFileReference; explicitFileType = wrapper.cfbundle; includeInIndex = 0; path = ChatterUITests.xctest; sourceTree = BUILT_PRODUCTS_DIR; };
		6595B1442B39C5300065C2E5 /* ChatterUITests.swift */ = {isa = PBXFileReference; lastKnownFileType = sourcecode.swift; path = ChatterUITests.swift; sourceTree = "<group>"; };
		6595B1462B39C5300065C2E5 /* ChatterUITestsLaunchTests.swift */ = {isa = PBXFileReference; lastKnownFileType = sourcecode.swift; path = ChatterUITestsLaunchTests.swift; sourceTree = "<group>"; };
/* End PBXFileReference section */

/* Begin PBXFrameworksBuildPhase section */
		6595B1222B39C52F0065C2E5 /* Frameworks */ = {
			isa = PBXFrameworksBuildPhase;
			buildActionMask = 2147483647;
			files = (
			);
			runOnlyForDeploymentPostprocessing = 0;
		};
		6595B1332B39C5300065C2E5 /* Frameworks */ = {
			isa = PBXFrameworksBuildPhase;
			buildActionMask = 2147483647;
			files = (
			);
			runOnlyForDeploymentPostprocessing = 0;
		};
		6595B13D2B39C5300065C2E5 /* Frameworks */ = {
			isa = PBXFrameworksBuildPhase;
			buildActionMask = 2147483647;
			files = (
			);
			runOnlyForDeploymentPostprocessing = 0;
		};
/* End PBXFrameworksBuildPhase section */

/* Begin PBXGroup section */
		6595B11C2B39C52F0065C2E5 = {
			isa = PBXGroup;
			children = (
				6595B1272B39C52F0065C2E5 /* Chatter */,
				6595B1392B39C5300065C2E5 /* ChatterTests */,
				6595B1432B39C5300065C2E5 /* ChatterUITests */,
				6595B1262B39C52F0065C2E5 /* Products */,
			);
			sourceTree = "<group>";
		};
		6595B1262B39C52F0065C2E5 /* Products */ = {
			isa = PBXGroup;
			children = (
				6595B1252B39C52F0065C2E5 /* Chatter.app */,
				6595B1362B39C5300065C2E5 /* ChatterTests.xctest */,
				6595B1402B39C5300065C2E5 /* ChatterUITests.xctest */,
			);
			name = Products;
			sourceTree = "<group>";
		};
		6595B1272B39C52F0065C2E5 /* Chatter */ = {
			isa = PBXGroup;
			children = (
				6595B1282B39C52F0065C2E5 /* ChatterApp.swift */,
				6595B12A2B39C52F0065C2E5 /* ContentView.swift */,
				65192FFE2B66A95700814C89 /* PostList.swift */,
				6595B12C2B39C5300065C2E5 /* Assets.xcassets */,
				6595B12E2B39C5300065C2E5 /* Chatter.entitlements */,
				6595B12F2B39C5300065C2E5 /* Preview Content */,
				65192FF82B66A6A500814C89 /* postData.json */,
				65192FFA2B66A79400814C89 /* ModelData.swift */,
				65192FFC2B66A7E500814C89 /* Post.swift */,
				651930002B66AB1E00814C89 /* PostRow.swift */,
				651930022B66AC5600814C89 /* PostDetail.swift */,
			);
			path = Chatter;
			sourceTree = "<group>";
		};
		6595B12F2B39C5300065C2E5 /* Preview Content */ = {
			isa = PBXGroup;
			children = (
				6595B1302B39C5300065C2E5 /* Preview Assets.xcassets */,
			);
			path = "Preview Content";
			sourceTree = "<group>";
		};
		6595B1392B39C5300065C2E5 /* ChatterTests */ = {
			isa = PBXGroup;
			children = (
				6595B13A2B39C5300065C2E5 /* ChatterTests.swift */,
			);
			path = ChatterTests;
			sourceTree = "<group>";
		};
		6595B1432B39C5300065C2E5 /* ChatterUITests */ = {
			isa = PBXGroup;
			children = (
				6595B1442B39C5300065C2E5 /* ChatterUITests.swift */,
				6595B1462B39C5300065C2E5 /* ChatterUITestsLaunchTests.swift */,
			);
			path = ChatterUITests;
			sourceTree = "<group>";
		};
/* End PBXGroup section */

/* Begin PBXNativeTarget section */
		6595B1242B39C52F0065C2E5 /* Chatter */ = {
			isa = PBXNativeTarget;
			buildConfigurationList = 6595B14A2B39C5300065C2E5 /* Build configuration list for PBXNativeTarget "Chatter" */;
			buildPhases = (
				6595B1212B39C52F0065C2E5 /* Sources */,
				6595B1222B39C52F0065C2E5 /* Frameworks */,
				6595B1232B39C52F0065C2E5 /* Resources */,
			);
			buildRules = (
			);
			dependencies = (
			);
			name = Chatter;
			productName = Chatter;
			productReference = 6595B1252B39C52F0065C2E5 /* Chatter.app */;
			productType = "com.apple.product-type.application";
		};
		6595B1352B39C5300065C2E5 /* ChatterTests */ = {
			isa = PBXNativeTarget;
			buildConfigurationList = 6595B14D2B39C5300065C2E5 /* Build configuration list for PBXNativeTarget "ChatterTests" */;
			buildPhases = (
				6595B1322B39C5300065C2E5 /* Sources */,
				6595B1332B39C5300065C2E5 /* Frameworks */,
				6595B1342B39C5300065C2E5 /* Resources */,
			);
			buildRules = (
			);
			dependencies = (
				6595B1382B39C5300065C2E5 /* PBXTargetDependency */,
			);
			name = ChatterTests;
			productName = ChatterTests;
			productReference = 6595B1362B39C5300065C2E5 /* ChatterTests.xctest */;
			productType = "com.apple.product-type.bundle.unit-test";
		};
		6595B13F2B39C5300065C2E5 /* ChatterUITests */ = {
			isa = PBXNativeTarget;
			buildConfigurationList = 6595B1502B39C5300065C2E5 /* Build configuration list for PBXNativeTarget "ChatterUITests" */;
			buildPhases = (
				6595B13C2B39C5300065C2E5 /* Sources */,
				6595B13D2B39C5300065C2E5 /* Frameworks */,
				6595B13E2B39C5300065C2E5 /* Resources */,
			);
			buildRules = (
			);
			dependencies = (
				6595B1422B39C5300065C2E5 /* PBXTargetDependency */,
			);
			name = ChatterUITests;
			productName = ChatterUITests;
			productReference = 6595B1402B39C5300065C2E5 /* ChatterUITests.xctest */;
			productType = "com.apple.product-type.bundle.ui-testing";
		};
/* End PBXNativeTarget section */

/* Begin PBXProject section */
		6595B11D2B39C52F0065C2E5 /* Project object */ = {
			isa = PBXProject;
			attributes = {
				BuildIndependentTargetsInParallel = 1;
				LastSwiftUpdateCheck = 1510;
				LastUpgradeCheck = 1520;
				TargetAttributes = {
					6595B1242B39C52F0065C2E5 = {
						CreatedOnToolsVersion = 15.1;
					};
					6595B1352B39C5300065C2E5 = {
						CreatedOnToolsVersion = 15.1;
						TestTargetID = 6595B1242B39C52F0065C2E5;
					};
					6595B13F2B39C5300065C2E5 = {
						CreatedOnToolsVersion = 15.1;
						TestTargetID = 6595B1242B39C52F0065C2E5;
					};
				};
			};
			buildConfigurationList = 6595B1202B39C52F0065C2E5 /* Build configuration list for PBXProject "Chatter" */;
			compatibilityVersion = "Xcode 14.0";
			developmentRegion = en;
			hasScannedForEncodings = 0;
			knownRegions = (
				en,
				Base,
			);
			mainGroup = 6595B11C2B39C52F0065C2E5;
			productRefGroup = 6595B1262B39C52F0065C2E5 /* Products */;
			projectDirPath = "";
			projectRoot = "";
			targets = (
				6595B1242B39C52F0065C2E5 /* Chatter */,
				6595B1352B39C5300065C2E5 /* ChatterTests */,
				6595B13F2B39C5300065C2E5 /* ChatterUITests */,
			);
		};
/* End PBXProject section */

/* Begin PBXResourcesBuildPhase section */
		6595B1232B39C52F0065C2E5 /* Resources */ = {
			isa = PBXResourcesBuildPhase;
			buildActionMask = 2147483647;
			files = (
				6595B1312B39C5300065C2E5 /* Preview Assets.xcassets in Resources */,
				65192FF92B66A6A500814C89 /* postData.json in Resources */,
				6595B12D2B39C5300065C2E5 /* Assets.xcassets in Resources */,
			);
			runOnlyForDeploymentPostprocessing = 0;
		};
		6595B1342B39C5300065C2E5 /* Resources */ = {
			isa = PBXResourcesBuildPhase;
			buildActionMask = 2147483647;
			files = (
			);
			runOnlyForDeploymentPostprocessing = 0;
		};
		6595B13E2B39C5300065C2E5 /* Resources */ = {
			isa = PBXResourcesBuildPhase;
			buildActionMask = 2147483647;
			files = (
			);
			runOnlyForDeploymentPostprocessing = 0;
		};
/* End PBXResourcesBuildPhase section */

/* Begin PBXSourcesBuildPhase section */
		6595B1212B39C52F0065C2E5 /* Sources */ = {
			isa = PBXSourcesBuildPhase;
			buildActionMask = 2147483647;
			files = (
				651930032B66AC5600814C89 /* PostDetail.swift in Sources */,
				6595B12B2B39C52F0065C2E5 /* ContentView.swift in Sources */,
				65192FFF2B66A95700814C89 /* PostList.swift in Sources */,
				6595B1292B39C52F0065C2E5 /* ChatterApp.swift in Sources */,
				65192FFB2B66A79400814C89 /* ModelData.swift in Sources */,
				651930012B66AB1E00814C89 /* PostRow.swift in Sources */,
				65192FFD2B66A7E500814C89 /* Post.swift in Sources */,
			);
			runOnlyForDeploymentPostprocessing = 0;
		};
		6595B1322B39C5300065C2E5 /* Sources */ = {
			isa = PBXSourcesBuildPhase;
			buildActionMask = 2147483647;
			files = (
				6595B13B2B39C5300065C2E5 /* ChatterTests.swift in Sources */,
			);
			runOnlyForDeploymentPostprocessing = 0;
		};
		6595B13C2B39C5300065C2E5 /* Sources */ = {
			isa = PBXSourcesBuildPhase;
			buildActionMask = 2147483647;
			files = (
				6595B1472B39C5300065C2E5 /* ChatterUITestsLaunchTests.swift in Sources */,
				6595B1452B39C5300065C2E5 /* ChatterUITests.swift in Sources */,
			);
			runOnlyForDeploymentPostprocessing = 0;
		};
/* End PBXSourcesBuildPhase section */

/* Begin PBXTargetDependency section */
		6595B1382B39C5300065C2E5 /* PBXTargetDependency */ = {
			isa = PBXTargetDependency;
			target = 6595B1242B39C52F0065C2E5 /* Chatter */;
			targetProxy = 6595B1372B39C5300065C2E5 /* PBXContainerItemProxy */;
		};
		6595B1422B39C5300065C2E5 /* PBXTargetDependency */ = {
			isa = PBXTargetDependency;
			target = 6595B1242B39C52F0065C2E5 /* Chatter */;
			targetProxy = 6595B1412B39C5300065C2E5 /* PBXContainerItemProxy */;
		};
/* End PBXTargetDependency section */

/* Begin XCBuildConfiguration section */
		6595B1482B39C5300065C2E5 /* Debug */ = {
			isa = XCBuildConfiguration;
			buildSettings = {
				ALWAYS_SEARCH_USER_PATHS = NO;
				ASSETCATALOG_COMPILER_GENERATE_SWIFT_ASSET_SYMBOL_EXTENSIONS = YES;
				CLANG_ANALYZER_NONNULL = YES;
				CLANG_ANALYZER_NUMBER_OBJECT_CONVERSION = YES_AGGRESSIVE;
				CLANG_CXX_LANGUAGE_STANDARD = "gnu++20";
				CLANG_ENABLE_MODULES = YES;
				CLANG_ENABLE_OBJC_ARC = YES;
				CLANG_ENABLE_OBJC_WEAK = YES;
				CLANG_WARN_BLOCK_CAPTURE_AUTORELEASING = YES;
				CLANG_WARN_BOOL_CONVERSION = YES;
				CLANG_WARN_COMMA = YES;
				CLANG_WARN_CONSTANT_CONVERSION = YES;
				CLANG_WARN_DEPRECATED_OBJC_IMPLEMENTATIONS = YES;
				CLANG_WARN_DIRECT_OBJC_ISA_USAGE = YES_ERROR;
				CLANG_WARN_DOCUMENTATION_COMMENTS = YES;
				CLANG_WARN_EMPTY_BODY = YES;
				CLANG_WARN_ENUM_CONVERSION = YES;
				CLANG_WARN_INFINITE_RECURSION = YES;
				CLANG_WARN_INT_CONVERSION = YES;
				CLANG_WARN_NON_LITERAL_NULL_CONVERSION = YES;
				CLANG_WARN_OBJC_IMPLICIT_RETAIN_SELF = YES;
				CLANG_WARN_OBJC_LITERAL_CONVERSION = YES;
				CLANG_WARN_OBJC_ROOT_CLASS = YES_ERROR;
				CLANG_WARN_QUOTED_INCLUDE_IN_FRAMEWORK_HEADER = YES;
				CLANG_WARN_RANGE_LOOP_ANALYSIS = YES;
				CLANG_WARN_STRICT_PROTOTYPES = YES;
				CLANG_WARN_SUSPICIOUS_MOVE = YES;
				CLANG_WARN_UNGUARDED_AVAILABILITY = YES_AGGRESSIVE;
				CLANG_WARN_UNREACHABLE_CODE = YES;
				CLANG_WARN__DUPLICATE_METHOD_MATCH = YES;
				COPY_PHASE_STRIP = NO;
				DEAD_CODE_STRIPPING = YES;
				DEBUG_INFORMATION_FORMAT = dwarf;
				ENABLE_STRICT_OBJC_MSGSEND = YES;
				ENABLE_TESTABILITY = YES;
				ENABLE_USER_SCRIPT_SANDBOXING = YES;
				GCC_C_LANGUAGE_STANDARD = gnu17;
				GCC_DYNAMIC_NO_PIC = NO;
				GCC_NO_COMMON_BLOCKS = YES;
				GCC_OPTIMIZATION_LEVEL = 0;
				GCC_PREPROCESSOR_DEFINITIONS = (
					"DEBUG=1",
					"$(inherited)",
				);
				GCC_WARN_64_TO_32_BIT_CONVERSION = YES;
				GCC_WARN_ABOUT_RETURN_TYPE = YES_ERROR;
				GCC_WARN_UNDECLARED_SELECTOR = YES;
				GCC_WARN_UNINITIALIZED_AUTOS = YES_AGGRESSIVE;
				GCC_WARN_UNUSED_FUNCTION = YES;
				GCC_WARN_UNUSED_VARIABLE = YES;
				LOCALIZATION_PREFERS_STRING_CATALOGS = YES;
				MTL_ENABLE_DEBUG_INFO = INCLUDE_SOURCE;
				MTL_FAST_MATH = YES;
				ONLY_ACTIVE_ARCH = YES;
				SWIFT_ACTIVE_COMPILATION_CONDITIONS = "DEBUG $(inherited)";
				SWIFT_OPTIMIZATION_LEVEL = "-Onone";
			};
			name = Debug;
		};
		6595B1492B39C5300065C2E5 /* Release */ = {
			isa = XCBuildConfiguration;
			buildSettings = {
				ALWAYS_SEARCH_USER_PATHS = NO;
				ASSETCATALOG_COMPILER_GENERATE_SWIFT_ASSET_SYMBOL_EXTENSIONS = YES;
				CLANG_ANALYZER_NONNULL = YES;
				CLANG_ANALYZER_NUMBER_OBJECT_CONVERSION = YES_AGGRESSIVE;
				CLANG_CXX_LANGUAGE_STANDARD = "gnu++20";
				CLANG_ENABLE_MODULES = YES;
				CLANG_ENABLE_OBJC_ARC = YES;
				CLANG_ENABLE_OBJC_WEAK = YES;
				CLANG_WARN_BLOCK_CAPTURE_AUTORELEASING = YES;
				CLANG_WARN_BOOL_CONVERSION = YES;
				CLANG_WARN_COMMA = YES;
				CLANG_WARN_CONSTANT_CONVERSION = YES;
				CLANG_WARN_DEPRECATED_OBJC_IMPLEMENTATIONS = YES;
				CLANG_WARN_DIRECT_OBJC_ISA_USAGE = YES_ERROR;
				CLANG_WARN_DOCUMENTATION_COMMENTS = YES;
				CLANG_WARN_EMPTY_BODY = YES;
				CLANG_WARN_ENUM_CONVERSION = YES;
				CLANG_WARN_INFINITE_RECURSION = YES;
				CLANG_WARN_INT_CONVERSION = YES;
				CLANG_WARN_NON_LITERAL_NULL_CONVERSION = YES;
				CLANG_WARN_OBJC_IMPLICIT_RETAIN_SELF = YES;
				CLANG_WARN_OBJC_LITERAL_CONVERSION = YES;
				CLANG_WARN_OBJC_ROOT_CLASS = YES_ERROR;
				CLANG_WARN_QUOTED_INCLUDE_IN_FRAMEWORK_HEADER = YES;
				CLANG_WARN_RANGE_LOOP_ANALYSIS = YES;
				CLANG_WARN_STRICT_PROTOTYPES = YES;
				CLANG_WARN_SUSPICIOUS_MOVE = YES;
				CLANG_WARN_UNGUARDED_AVAILABILITY = YES_AGGRESSIVE;
				CLANG_WARN_UNREACHABLE_CODE = YES;
				CLANG_WARN__DUPLICATE_METHOD_MATCH = YES;
				COPY_PHASE_STRIP = NO;
				DEAD_CODE_STRIPPING = YES;
				DEBUG_INFORMATION_FORMAT = "dwarf-with-dsym";
				ENABLE_NS_ASSERTIONS = NO;
				ENABLE_STRICT_OBJC_MSGSEND = YES;
				ENABLE_USER_SCRIPT_SANDBOXING = YES;
				GCC_C_LANGUAGE_STANDARD = gnu17;
				GCC_NO_COMMON_BLOCKS = YES;
				GCC_WARN_64_TO_32_BIT_CONVERSION = YES;
				GCC_WARN_ABOUT_RETURN_TYPE = YES_ERROR;
				GCC_WARN_UNDECLARED_SELECTOR = YES;
				GCC_WARN_UNINITIALIZED_AUTOS = YES_AGGRESSIVE;
				GCC_WARN_UNUSED_FUNCTION = YES;
				GCC_WARN_UNUSED_VARIABLE = YES;
				LOCALIZATION_PREFERS_STRING_CATALOGS = YES;
				MTL_ENABLE_DEBUG_INFO = NO;
				MTL_FAST_MATH = YES;
				SWIFT_COMPILATION_MODE = wholemodule;
			};
			name = Release;
		};
		6595B14B2B39C5300065C2E5 /* Debug */ = {
			isa = XCBuildConfiguration;
			buildSettings = {
				ASSETCATALOG_COMPILER_APPICON_NAME = AppIcon;
				ASSETCATALOG_COMPILER_GLOBAL_ACCENT_COLOR_NAME = AccentColor;
				CODE_SIGN_ENTITLEMENTS = Chatter/Chatter.entitlements;
				CODE_SIGN_STYLE = Automatic;
				CURRENT_PROJECT_VERSION = 1;
				DEAD_CODE_STRIPPING = YES;
				DEVELOPMENT_ASSET_PATHS = "\"Chatter/Preview Content\"";
				DEVELOPMENT_TEAM = NK833WT59C;
				ENABLE_HARDENED_RUNTIME = YES;
				ENABLE_PREVIEWS = YES;
				GENERATE_INFOPLIST_FILE = YES;
				"INFOPLIST_KEY_UIApplicationSceneManifest_Generation[sdk=iphoneos*]" = YES;
				"INFOPLIST_KEY_UIApplicationSceneManifest_Generation[sdk=iphonesimulator*]" = YES;
				"INFOPLIST_KEY_UIApplicationSupportsIndirectInputEvents[sdk=iphoneos*]" = YES;
				"INFOPLIST_KEY_UIApplicationSupportsIndirectInputEvents[sdk=iphonesimulator*]" = YES;
				"INFOPLIST_KEY_UILaunchScreen_Generation[sdk=iphoneos*]" = YES;
				"INFOPLIST_KEY_UILaunchScreen_Generation[sdk=iphonesimulator*]" = YES;
				"INFOPLIST_KEY_UIStatusBarStyle[sdk=iphoneos*]" = UIStatusBarStyleDefault;
				"INFOPLIST_KEY_UIStatusBarStyle[sdk=iphonesimulator*]" = UIStatusBarStyleDefault;
				INFOPLIST_KEY_UISupportedInterfaceOrientations_iPad = "UIInterfaceOrientationPortrait UIInterfaceOrientationPortraitUpsideDown UIInterfaceOrientationLandscapeLeft UIInterfaceOrientationLandscapeRight";
				INFOPLIST_KEY_UISupportedInterfaceOrientations_iPhone = "UIInterfaceOrientationPortrait UIInterfaceOrientationLandscapeLeft UIInterfaceOrientationLandscapeRight";
				IPHONEOS_DEPLOYMENT_TARGET = 17.2;
				LD_RUNPATH_SEARCH_PATHS = "@executable_path/Frameworks";
				"LD_RUNPATH_SEARCH_PATHS[sdk=macosx*]" = "@executable_path/../Frameworks";
				MACOSX_DEPLOYMENT_TARGET = 14.0;
				MARKETING_VERSION = 1.0;
				PRODUCT_BUNDLE_IDENTIFIER = com.daniel.Chatter;
				PRODUCT_NAME = "$(TARGET_NAME)";
				SDKROOT = auto;
				SUPPORTED_PLATFORMS = "iphoneos iphonesimulator macosx";
				SWIFT_EMIT_LOC_STRINGS = YES;
				SWIFT_VERSION = 5.0;
				TARGETED_DEVICE_FAMILY = "1,2";
			};
			name = Debug;
		};
		6595B14C2B39C5300065C2E5 /* Release */ = {
			isa = XCBuildConfiguration;
			buildSettings = {
				ASSETCATALOG_COMPILER_APPICON_NAME = AppIcon;
				ASSETCATALOG_COMPILER_GLOBAL_ACCENT_COLOR_NAME = AccentColor;
				CODE_SIGN_ENTITLEMENTS = Chatter/Chatter.entitlements;
				CODE_SIGN_STYLE = Automatic;
				CURRENT_PROJECT_VERSION = 1;
				DEAD_CODE_STRIPPING = YES;
				DEVELOPMENT_ASSET_PATHS = "\"Chatter/Preview Content\"";
				DEVELOPMENT_TEAM = NK833WT59C;
				ENABLE_HARDENED_RUNTIME = YES;
				ENABLE_PREVIEWS = YES;
				GENERATE_INFOPLIST_FILE = YES;
				"INFOPLIST_KEY_UIApplicationSceneManifest_Generation[sdk=iphoneos*]" = YES;
				"INFOPLIST_KEY_UIApplicationSceneManifest_Generation[sdk=iphonesimulator*]" = YES;
				"INFOPLIST_KEY_UIApplicationSupportsIndirectInputEvents[sdk=iphoneos*]" = YES;
				"INFOPLIST_KEY_UIApplicationSupportsIndirectInputEvents[sdk=iphonesimulator*]" = YES;
				"INFOPLIST_KEY_UILaunchScreen_Generation[sdk=iphoneos*]" = YES;
				"INFOPLIST_KEY_UILaunchScreen_Generation[sdk=iphonesimulator*]" = YES;
				"INFOPLIST_KEY_UIStatusBarStyle[sdk=iphoneos*]" = UIStatusBarStyleDefault;
				"INFOPLIST_KEY_UIStatusBarStyle[sdk=iphonesimulator*]" = UIStatusBarStyleDefault;
				INFOPLIST_KEY_UISupportedInterfaceOrientations_iPad = "UIInterfaceOrientationPortrait UIInterfaceOrientationPortraitUpsideDown UIInterfaceOrientationLandscapeLeft UIInterfaceOrientationLandscapeRight";
				INFOPLIST_KEY_UISupportedInterfaceOrientations_iPhone = "UIInterfaceOrientationPortrait UIInterfaceOrientationLandscapeLeft UIInterfaceOrientationLandscapeRight";
				IPHONEOS_DEPLOYMENT_TARGET = 17.2;
				LD_RUNPATH_SEARCH_PATHS = "@executable_path/Frameworks";
				"LD_RUNPATH_SEARCH_PATHS[sdk=macosx*]" = "@executable_path/../Frameworks";
				MACOSX_DEPLOYMENT_TARGET = 14.0;
				MARKETING_VERSION = 1.0;
				PRODUCT_BUNDLE_IDENTIFIER = com.daniel.Chatter;
				PRODUCT_NAME = "$(TARGET_NAME)";
				SDKROOT = auto;
				SUPPORTED_PLATFORMS = "iphoneos iphonesimulator macosx";
				SWIFT_EMIT_LOC_STRINGS = YES;
				SWIFT_VERSION = 5.0;
				TARGETED_DEVICE_FAMILY = "1,2";
			};
			name = Release;
		};
		6595B14E2B39C5300065C2E5 /* Debug */ = {
			isa = XCBuildConfiguration;
			buildSettings = {
				ALWAYS_EMBED_SWIFT_STANDARD_LIBRARIES = YES;
				BUNDLE_LOADER = "$(TEST_HOST)";
				CODE_SIGN_STYLE = Automatic;
				CURRENT_PROJECT_VERSION = 1;
				DEAD_CODE_STRIPPING = YES;
				DEVELOPMENT_TEAM = NK833WT59C;
				GENERATE_INFOPLIST_FILE = YES;
				IPHONEOS_DEPLOYMENT_TARGET = 17.2;
				MACOSX_DEPLOYMENT_TARGET = 14.0;
				MARKETING_VERSION = 1.0;
				PRODUCT_BUNDLE_IDENTIFIER = com.daniel.ChatterTests;
				PRODUCT_NAME = "$(TARGET_NAME)";
				SDKROOT = auto;
				SUPPORTED_PLATFORMS = "iphoneos iphonesimulator macosx";
				SWIFT_EMIT_LOC_STRINGS = NO;
				SWIFT_VERSION = 5.0;
				TARGETED_DEVICE_FAMILY = "1,2";
				TEST_HOST = "$(BUILT_PRODUCTS_DIR)/Chatter.app/$(BUNDLE_EXECUTABLE_FOLDER_PATH)/Chatter";
			};
			name = Debug;
		};
		6595B14F2B39C5300065C2E5 /* Release */ = {
			isa = XCBuildConfiguration;
			buildSettings = {
				ALWAYS_EMBED_SWIFT_STANDARD_LIBRARIES = YES;
				BUNDLE_LOADER = "$(TEST_HOST)";
				CODE_SIGN_STYLE = Automatic;
				CURRENT_PROJECT_VERSION = 1;
				DEAD_CODE_STRIPPING = YES;
				DEVELOPMENT_TEAM = NK833WT59C;
				GENERATE_INFOPLIST_FILE = YES;
				IPHONEOS_DEPLOYMENT_TARGET = 17.2;
				MACOSX_DEPLOYMENT_TARGET = 14.0;
				MARKETING_VERSION = 1.0;
				PRODUCT_BUNDLE_IDENTIFIER = com.daniel.ChatterTests;
				PRODUCT_NAME = "$(TARGET_NAME)";
				SDKROOT = auto;
				SUPPORTED_PLATFORMS = "iphoneos iphonesimulator macosx";
				SWIFT_EMIT_LOC_STRINGS = NO;
				SWIFT_VERSION = 5.0;
				TARGETED_DEVICE_FAMILY = "1,2";
				TEST_HOST = "$(BUILT_PRODUCTS_DIR)/Chatter.app/$(BUNDLE_EXECUTABLE_FOLDER_PATH)/Chatter";
			};
			name = Release;
		};
		6595B1512B39C5300065C2E5 /* Debug */ = {
			isa = XCBuildConfiguration;
			buildSettings = {
				ALWAYS_EMBED_SWIFT_STANDARD_LIBRARIES = YES;
				CODE_SIGN_STYLE = Automatic;
				CURRENT_PROJECT_VERSION = 1;
				DEAD_CODE_STRIPPING = YES;
				DEVELOPMENT_TEAM = NK833WT59C;
				GENERATE_INFOPLIST_FILE = YES;
				IPHONEOS_DEPLOYMENT_TARGET = 17.2;
				MACOSX_DEPLOYMENT_TARGET = 14.0;
				MARKETING_VERSION = 1.0;
				PRODUCT_BUNDLE_IDENTIFIER = com.daniel.ChatterUITests;
				PRODUCT_NAME = "$(TARGET_NAME)";
				SDKROOT = auto;
				SUPPORTED_PLATFORMS = "iphoneos iphonesimulator macosx";
				SWIFT_EMIT_LOC_STRINGS = NO;
				SWIFT_VERSION = 5.0;
				TARGETED_DEVICE_FAMILY = "1,2";
				TEST_TARGET_NAME = Chatter;
			};
			name = Debug;
		};
		6595B1522B39C5300065C2E5 /* Release */ = {
			isa = XCBuildConfiguration;
			buildSettings = {
				ALWAYS_EMBED_SWIFT_STANDARD_LIBRARIES = YES;
				CODE_SIGN_STYLE = Automatic;
				CURRENT_PROJECT_VERSION = 1;
				DEAD_CODE_STRIPPING = YES;
				DEVELOPMENT_TEAM = NK833WT59C;
				GENERATE_INFOPLIST_FILE = YES;
				IPHONEOS_DEPLOYMENT_TARGET = 17.2;
				MACOSX_DEPLOYMENT_TARGET = 14.0;
				MARKETING_VERSION = 1.0;
				PRODUCT_BUNDLE_IDENTIFIER = com.daniel.ChatterUITests;
				PRODUCT_NAME = "$(TARGET_NAME)";
				SDKROOT = auto;
				SUPPORTED_PLATFORMS = "iphoneos iphonesimulator macosx";
				SWIFT_EMIT_LOC_STRINGS = NO;
				SWIFT_VERSION = 5.0;
				TARGETED_DEVICE_FAMILY = "1,2";
				TEST_TARGET_NAME = Chatter;
			};
			name = Release;
		};
/* End XCBuildConfiguration section */

/* Begin XCConfigurationList section */
		6595B1202B39C52F0065C2E5 /* Build configuration list for PBXProject "Chatter" */ = {
			isa = XCConfigurationList;
			buildConfigurations = (
				6595B1482B39C5300065C2E5 /* Debug */,
				6595B1492B39C5300065C2E5 /* Release */,
			);
			defaultConfigurationIsVisible = 0;
			defaultConfigurationName = Release;
		};
		6595B14A2B39C5300065C2E5 /* Build configuration list for PBXNativeTarget "Chatter" */ = {
			isa = XCConfigurationList;
			buildConfigurations = (
				6595B14B2B39C5300065C2E5 /* Debug */,
				6595B14C2B39C5300065C2E5 /* Release */,
			);
			defaultConfigurationIsVisible = 0;
			defaultConfigurationName = Release;
		};
		6595B14D2B39C5300065C2E5 /* Build configuration list for PBXNativeTarget "ChatterTests" */ = {
			isa = XCConfigurationList;
			buildConfigurations = (
				6595B14E2B39C5300065C2E5 /* Debug */,
				6595B14F2B39C5300065C2E5 /* Release */,
			);
			defaultConfigurationIsVisible = 0;
			defaultConfigurationName = Release;
		};
		6595B1502B39C5300065C2E5 /* Build configuration list for PBXNativeTarget "ChatterUITests" */ = {
			isa = XCConfigurationList;
			buildConfigurations = (
				6595B1512B39C5300065C2E5 /* Debug */,
				6595B1522B39C5300065C2E5 /* Release */,
			);
			defaultConfigurationIsVisible = 0;
			defaultConfigurationName = Release;
		};
/* End XCConfigurationList section */
	};
	rootObject = 6595B11D2B39C52F0065C2E5 /* Project object */;
}
